
Microsoft Visual Studio Solution File, Format Version 12.00
# Visual Studio Version 17
VisualStudioVersion = 17.7.34031.279
MinimumVisualStudioVersion = 10.0.40219.1
Project("{8BC9CEB8-8B4A-11D0-8D11-00A0C91BC942}") = "test", "test\test.vcxproj", "{56B27174-F730-47A4-BC09-B1FE9A30639B}"
EndProject
Global
	GlobalSection(SolutionConfigurationPlatforms) = preSolution
		Debug|x64 = Debug|x64
		Debug|x86 = Debug|x86
		Release|x64 = Release|x64
		Release|x86 = Release|x86
	EndGlobalSection
	GlobalSection(ProjectConfigurationPlatforms) = postSolution
		{56B27174-F730-47A4-BC09-B1FE9A30639B}.Debug|x64.ActiveCfg = Debug|x64
		{56B27174-F730-47A4-BC09-B1FE9A30639B}.Debug|x64.Build.0 = Debug|x64
		{56B27174-F730-47A4-BC09-B1FE9A30639B}.Debug|x86.ActiveCfg = Debug|Win32
		{56B27174-F730-47A4-BC09-B1FE9A30639B}.Debug|x86.Build.0 = Debug|Win32
		{56B27174-F730-47A4-BC09-B1FE9A30639B}.Release|x64.ActiveCfg = Release|x64
		{56B27174-F730-47A4-BC09-B1FE9A30639B}.Release|x64.Build.0 = Release|x64
		{56B27174-F730-47A4-BC09-B1FE9A30639B}.Release|x86.ActiveCfg = Release|Win32
		{56B27174-F730-47A4-BC09-B1FE9A30639B}.Release|x86.Build.0 = Release|Win32
	EndGlobalSection
	GlobalSection(SolutionProperties) = preSolution
		HideSolutionNode = FALSE
	EndGlobalSection
	GlobalSection(ExtensibilityGlobals) = postSolution
		SolutionGuid = {7B4F50DF-7844-4A57-9B2D-15EE1EF2B495}
	EndGlobalSection
EndGlobal
